
Microsoft Visual Studio Solution File, Format Version 12.00
# Visual Studio Version 17
VisualStudioVersion = 17.4.33122.133
MinimumVisualStudioVersion = 10.0.40219.1
Project("{FAE04EC0-301F-11D3-BF4B-00C04F79EFBC}") = "HousePricing", "HousePricing\HousePricing.csproj", "{01EB07E1-E58F-4C5A-A6F9-7FEF3CD05F1D}"
EndProject
Global
	GlobalSection(SolutionConfigurationPlatforms) = preSolution
		Debug|Any CPU = Debug|Any CPU
		Release|Any CPU = Release|Any CPU
	EndGlobalSection
	GlobalSection(ProjectConfigurationPlatforms) = postSolution
		{01EB07E1-E58F-4C5A-A6F9-7FEF3CD05F1D}.Debug|Any CPU.ActiveCfg = Debug|Any CPU
		{01EB07E1-E58F-4C5A-A6F9-7FEF3CD05F1D}.Debug|Any CPU.Build.0 = Debug|Any CPU
		{01EB07E1-E58F-4C5A-A6F9-7FEF3CD05F1D}.Release|Any CPU.ActiveCfg = Release|Any CPU
		{01EB07E1-E58F-4C5A-A6F9-7FEF3CD05F1D}.Release|Any CPU.Build.0 = Release|Any CPU
	EndGlobalSection
	GlobalSection(SolutionProperties) = preSolution
		HideSolutionNode = FALSE
	EndGlobalSection
	GlobalSection(ExtensibilityGlobals) = postSolution
		SolutionGuid = {5BF369D0-9C31-41CA-8791-AA9EE9556E45}
	EndGlobalSection
EndGlobal
